
Microsoft Visual Studio Solution File, Format Version 12.00
# Visual Studio Version 16
VisualStudioVersion = 16.0.28803.352
MinimumVisualStudioVersion = 10.0.40219.1
Project("{9A19103F-16F7-4668-BE54-9A1E7A4F7556}") = "Sample", "Sample\Sample.csproj", "{4BB86700-7B92-47E5-9D16-6090C4262E52}"
EndProject
Global
	GlobalSection(SolutionConfigurationPlatforms) = preSolution
		Debug|Any CPU = Debug|Any CPU
		Release|Any CPU = Release|Any CPU
	EndGlobalSection
	GlobalSection(ProjectConfigurationPlatforms) = postSolution
		{4BB86700-7B92-47E5-9D16-6090C4262E52}.Debug|Any CPU.ActiveCfg = Debug|Any CPU
		{4BB86700-7B92-47E5-9D16-6090C4262E52}.Debug|Any CPU.Build.0 = Debug|Any CPU
		{4BB86700-7B92-47E5-9D16-6090C4262E52}.Release|Any CPU.ActiveCfg = Release|Any CPU
		{4BB86700-7B92-47E5-9D16-6090C4262E52}.Release|Any CPU.Build.0 = Release|Any CPU
	EndGlobalSection
	GlobalSection(SolutionProperties) = preSolution
		HideSolutionNode = FALSE
	EndGlobalSection
	GlobalSection(ExtensibilityGlobals) = postSolution
		SolutionGuid = {B003DEDD-A532-4F24-9B99-ABD04EFA1A91}
	EndGlobalSection
EndGlobal
